// !$*UTF8*$!
{
	archiveVersion = 1;
	classes = {
	};
	objectVersion = 50;
	objects = {

/* Begin PBXBuildFile section */
		E02492912199970000B346DF /* AppDelegate.swift in Sources */ = {isa = PBXBuildFile; fileRef = E02492902199970000B346DF /* AppDelegate.swift */; };
		E02492932199970000B346DF /* ViewController.swift in Sources */ = {isa = PBXBuildFile; fileRef = E02492922199970000B346DF /* ViewController.swift */; };
		E02492962199970000B346DF /* Main.storyboard in Resources */ = {isa = PBXBuildFile; fileRef = E02492942199970000B346DF /* Main.storyboard */; };
		E02492982199970200B346DF /* Assets.xcassets in Resources */ = {isa = PBXBuildFile; fileRef = E02492972199970200B346DF /* Assets.xcassets */; };
		E024929B2199970200B346DF /* LaunchScreen.storyboard in Resources */ = {isa = PBXBuildFile; fileRef = E02492992199970200B346DF /* LaunchScreen.storyboard */; };
		E02492A62199970200B346DF /* IOPTests.swift in Sources */ = {isa = PBXBuildFile; fileRef = E02492A52199970200B346DF /* IOPTests.swift */; };
		E02492B12199970200B346DF /* IOPUITests.swift in Sources */ = {isa = PBXBuildFile; fileRef = E02492B02199970200B346DF /* IOPUITests.swift */; };
/* End PBXBuildFile section */

/* Begin PBXContainerItemProxy section */
		E02492A22199970200B346DF /* PBXContainerItemProxy */ = {
			isa = PBXContainerItemProxy;
			containerPortal = E02492852199970000B346DF /* Project object */;
			proxyType = 1;
			remoteGlobalIDString = E024928C2199970000B346DF;
			remoteInfo = IOP;
		};
		E02492AD2199970200B346DF /* PBXContainerItemProxy */ = {
			isa = PBXContainerItemProxy;
			containerPortal = E02492852199970000B346DF /* Project object */;
			proxyType = 1;
			remoteGlobalIDString = E024928C2199970000B346DF;
			remoteInfo = IOP;
		};
/* End PBXContainerItemProxy section */

/* Begin PBXFileReference section */
		E024928D2199970000B346DF /* IOP.app */ = {isa = PBXFileReference; explicitFileType = wrapper.application; includeInIndex = 0; path = IOP.app; sourceTree = BUILT_PRODUCTS_DIR; };
		E02492902199970000B346DF /* AppDelegate.swift */ = {isa = PBXFileReference; lastKnownFileType = sourcecode.swift; path = AppDelegate.swift; sourceTree = "<group>"; };
		E02492922199970000B346DF /* ViewController.swift */ = {isa = PBXFileReference; lastKnownFileType = sourcecode.swift; path = ViewController.swift; sourceTree = "<group>"; };
		E02492952199970000B346DF /* Base */ = {isa = PBXFileReference; lastKnownFileType = file.storyboard; name = Base; path = Base.lproj/Main.storyboard; sourceTree = "<group>"; };
		E02492972199970200B346DF /* Assets.xcassets */ = {isa = PBXFileReference; lastKnownFileType = folder.assetcatalog; path = Assets.xcassets; sourceTree = "<group>"; };
		E024929A2199970200B346DF /* Base */ = {isa = PBXFileReference; lastKnownFileType = file.storyboard; name = Base; path = Base.lproj/LaunchScreen.storyboard; sourceTree = "<group>"; };
		E024929C2199970200B346DF /* Info.plist */ = {isa = PBXFileReference; lastKnownFileType = text.plist.xml; path = Info.plist; sourceTree = "<group>"; };
		E02492A12199970200B346DF /* IOPTests.xctest */ = {isa = PBXFileReference; explicitFileType = wrapper.cfbundle; includeInIndex = 0; path = IOPTests.xctest; sourceTree = BUILT_PRODUCTS_DIR; };
		E02492A52199970200B346DF /* IOPTests.swift */ = {isa = PBXFileReference; lastKnownFileType = sourcecode.swift; path = IOPTests.swift; sourceTree = "<group>"; };
		E02492A72199970200B346DF /* Info.plist */ = {isa = PBXFileReference; lastKnownFileType = text.plist.xml; path = Info.plist; sourceTree = "<group>"; };
		E02492AC2199970200B346DF /* IOPUITests.xctest */ = {isa = PBXFileReference; explicitFileType = wrapper.cfbundle; includeInIndex = 0; path = IOPUITests.xctest; sourceTree = BUILT_PRODUCTS_DIR; };
		E02492B02199970200B346DF /* IOPUITests.swift */ = {isa = PBXFileReference; lastKnownFileType = sourcecode.swift; path = IOPUITests.swift; sourceTree = "<group>"; };
		E02492B22199970200B346DF /* Info.plist */ = {isa = PBXFileReference; lastKnownFileType = text.plist.xml; path = Info.plist; sourceTree = "<group>"; };
/* End PBXFileReference section */

/* Begin PBXFrameworksBuildPhase section */
		E024928A2199970000B346DF /* Frameworks */ = {
			isa = PBXFrameworksBuildPhase;
			buildActionMask = 2147483647;
			files = (
			);
			runOnlyForDeploymentPostprocessing = 0;
		};
		E024929E2199970200B346DF /* Frameworks */ = {
			isa = PBXFrameworksBuildPhase;
			buildActionMask = 2147483647;
			files = (
			);
			runOnlyForDeploymentPostprocessing = 0;
		};
		E02492A92199970200B346DF /* Frameworks */ = {
			isa = PBXFrameworksBuildPhase;
			buildActionMask = 2147483647;
			files = (
			);
			runOnlyForDeploymentPostprocessing = 0;
		};
/* End PBXFrameworksBuildPhase section */

/* Begin PBXGroup section */
		E02492842199970000B346DF = {
			isa = PBXGroup;
			children = (
				E024928F2199970000B346DF /* IOP */,
				E02492A42199970200B346DF /* IOPTests */,
				E02492AF2199970200B346DF /* IOPUITests */,
				E024928E2199970000B346DF /* Products */,
			);
			sourceTree = "<group>";
		};
		E024928E2199970000B346DF /* Products */ = {
			isa = PBXGroup;
			children = (
				E024928D2199970000B346DF /* IOP.app */,
				E02492A12199970200B346DF /* IOPTests.xctest */,
				E02492AC2199970200B346DF /* IOPUITests.xctest */,
			);
			name = Products;
			sourceTree = "<group>";
		};
		E024928F2199970000B346DF /* IOP */ = {
			isa = PBXGroup;
			children = (
				E02492902199970000B346DF /* AppDelegate.swift */,
				E02492922199970000B346DF /* ViewController.swift */,
				E02492942199970000B346DF /* Main.storyboard */,
				E02492972199970200B346DF /* Assets.xcassets */,
				E02492992199970200B346DF /* LaunchScreen.storyboard */,
				E024929C2199970200B346DF /* Info.plist */,
			);
			path = IOP;
			sourceTree = "<group>";
		};
		E02492A42199970200B346DF /* IOPTests */ = {
			isa = PBXGroup;
			children = (
				E02492A52199970200B346DF /* IOPTests.swift */,
				E02492A72199970200B346DF /* Info.plist */,
			);
			path = IOPTests;
			sourceTree = "<group>";
		};
		E02492AF2199970200B346DF /* IOPUITests */ = {
			isa = PBXGroup;
			children = (
				E02492B02199970200B346DF /* IOPUITests.swift */,
				E02492B22199970200B346DF /* Info.plist */,
			);
			path = IOPUITests;
			sourceTree = "<group>";
		};
/* End PBXGroup section */

/* Begin PBXNativeTarget section */
		E024928C2199970000B346DF /* IOP */ = {
			isa = PBXNativeTarget;
			buildConfigurationList = E02492B52199970200B346DF /* Build configuration list for PBXNativeTarget "IOP" */;
			buildPhases = (
				E02492892199970000B346DF /* Sources */,
				E024928A2199970000B346DF /* Frameworks */,
				E024928B2199970000B346DF /* Resources */,
			);
			buildRules = (
			);
			dependencies = (
			);
			name = IOP;
			productName = IOP;
			productReference = E024928D2199970000B346DF /* IOP.app */;
			productType = "com.apple.product-type.application";
		};
		E02492A02199970200B346DF /* IOPTests */ = {
			isa = PBXNativeTarget;
			buildConfigurationList = E02492B82199970200B346DF /* Build configuration list for PBXNativeTarget "IOPTests" */;
			buildPhases = (
				E024929D2199970200B346DF /* Sources */,
				E024929E2199970200B346DF /* Frameworks */,
				E024929F2199970200B346DF /* Resources */,
			);
			buildRules = (
			);
			dependencies = (
				E02492A32199970200B346DF /* PBXTargetDependency */,
			);
			name = IOPTests;
			productName = IOPTests;
			productReference = E02492A12199970200B346DF /* IOPTests.xctest */;
			productType = "com.apple.product-type.bundle.unit-test";
		};
		E02492AB2199970200B346DF /* IOPUITests */ = {
			isa = PBXNativeTarget;
			buildConfigurationList = E02492BB2199970200B346DF /* Build configuration list for PBXNativeTarget "IOPUITests" */;
			buildPhases = (
				E02492A82199970200B346DF /* Sources */,
				E02492A92199970200B346DF /* Frameworks */,
				E02492AA2199970200B346DF /* Resources */,
			);
			buildRules = (
			);
			dependencies = (
				E02492AE2199970200B346DF /* PBXTargetDependency */,
			);
			name = IOPUITests;
			productName = IOPUITests;
			productReference = E02492AC2199970200B346DF /* IOPUITests.xctest */;
			productType = "com.apple.product-type.bundle.ui-testing";
		};
/* End PBXNativeTarget section */

/* Begin PBXProject section */
		E02492852199970000B346DF /* Project object */ = {
			isa = PBXProject;
			attributes = {
				LastSwiftUpdateCheck = 0940;
				LastUpgradeCheck = 0940;
				ORGANIZATIONNAME = "Skander Lejmi";
				TargetAttributes = {
					E024928C2199970000B346DF = {
						CreatedOnToolsVersion = 9.4.1;
					};
					E02492A02199970200B346DF = {
						CreatedOnToolsVersion = 9.4.1;
						TestTargetID = E024928C2199970000B346DF;
					};
					E02492AB2199970200B346DF = {
						CreatedOnToolsVersion = 9.4.1;
						TestTargetID = E024928C2199970000B346DF;
					};
				};
			};
			buildConfigurationList = E02492882199970000B346DF /* Build configuration list for PBXProject "IOP" */;
			compatibilityVersion = "Xcode 9.3";
			developmentRegion = en;
			hasScannedForEncodings = 0;
			knownRegions = (
				en,
				Base,
			);
			mainGroup = E02492842199970000B346DF;
			productRefGroup = E024928E2199970000B346DF /* Products */;
			projectDirPath = "";
			projectRoot = "";
			targets = (
				E024928C2199970000B346DF /* IOP */,
				E02492A02199970200B346DF /* IOPTests */,
				E02492AB2199970200B346DF /* IOPUITests */,
			);
		};
/* End PBXProject section */

/* Begin PBXResourcesBuildPhase section */
		E024928B2199970000B346DF /* Resources */ = {
			isa = PBXResourcesBuildPhase;
			buildActionMask = 2147483647;
			files = (
				E024929B2199970200B346DF /* LaunchScreen.storyboard in Resources */,
				E02492982199970200B346DF /* Assets.xcassets in Resources */,
				E02492962199970000B346DF /* Main.storyboard in Resources */,
			);
			runOnlyForDeploymentPostprocessing = 0;
		};
		E024929F2199970200B346DF /* Resources */ = {
			isa = PBXResourcesBuildPhase;
			buildActionMask = 2147483647;
			files = (
			);
			runOnlyForDeploymentPostprocessing = 0;
		};
		E02492AA2199970200B346DF /* Resources */ = {
			isa = PBXResourcesBuildPhase;
			buildActionMask = 2147483647;
			files = (
			);
			runOnlyForDeploymentPostprocessing = 0;
		};
/* End PBXResourcesBuildPhase section */

/* Begin PBXSourcesBuildPhase section */
		E02492892199970000B346DF /* Sources */ = {
			isa = PBXSourcesBuildPhase;
			buildActionMask = 2147483647;
			files = (
				E02492932199970000B346DF /* ViewController.swift in Sources */,
				E02492912199970000B346DF /* AppDelegate.swift in Sources */,
			);
			runOnlyForDeploymentPostprocessing = 0;
		};
		E024929D2199970200B346DF /* Sources */ = {
			isa = PBXSourcesBuildPhase;
			buildActionMask = 2147483647;
			files = (
				E02492A62199970200B346DF /* IOPTests.swift in Sources */,
			);
			runOnlyForDeploymentPostprocessing = 0;
		};
		E02492A82199970200B346DF /* Sources */ = {
			isa = PBXSourcesBuildPhase;
			buildActionMask = 2147483647;
			files = (
				E02492B12199970200B346DF /* IOPUITests.swift in Sources */,
			);
			runOnlyForDeploymentPostprocessing = 0;
		};
/* End PBXSourcesBuildPhase section */

/* Begin PBXTargetDependency section */
		E02492A32199970200B346DF /* PBXTargetDependency */ = {
			isa = PBXTargetDependency;
			target = E024928C2199970000B346DF /* IOP */;
			targetProxy = E02492A22199970200B346DF /* PBXContainerItemProxy */;
		};
		E02492AE2199970200B346DF /* PBXTargetDependency */ = {
			isa = PBXTargetDependency;
			target = E024928C2199970000B346DF /* IOP */;
			targetProxy = E02492AD2199970200B346DF /* PBXContainerItemProxy */;
		};
/* End PBXTargetDependency section */

/* Begin PBXVariantGroup section */
		E02492942199970000B346DF /* Main.storyboard */ = {
			isa = PBXVariantGroup;
			children = (
				E02492952199970000B346DF /* Base */,
			);
			name = Main.storyboard;
			sourceTree = "<group>";
		};
		E02492992199970200B346DF /* LaunchScreen.storyboard */ = {
			isa = PBXVariantGroup;
			children = (
				E024929A2199970200B346DF /* Base */,
			);
			name = LaunchScreen.storyboard;
			sourceTree = "<group>";
		};
/* End PBXVariantGroup section */

/* Begin XCBuildConfiguration section */
		E02492B32199970200B346DF /* Debug */ = {
			isa = XCBuildConfiguration;
			buildSettings = {
				ALWAYS_SEARCH_USER_PATHS = NO;
				CLANG_ANALYZER_NONNULL = YES;
				CLANG_ANALYZER_NUMBER_OBJECT_CONVERSION = YES_AGGRESSIVE;
				CLANG_CXX_LANGUAGE_STANDARD = "gnu++14";
				CLANG_CXX_LIBRARY = "libc++";
				CLANG_ENABLE_MODULES = YES;
				CLANG_ENABLE_OBJC_ARC = YES;
				CLANG_ENABLE_OBJC_WEAK = YES;
				CLANG_WARN_BLOCK_CAPTURE_AUTORELEASING = YES;
				CLANG_WARN_BOOL_CONVERSION = YES;
				CLANG_WARN_COMMA = YES;
				CLANG_WARN_CONSTANT_CONVERSION = YES;
				CLANG_WARN_DEPRECATED_OBJC_IMPLEMENTATIONS = YES;
				CLANG_WARN_DIRECT_OBJC_ISA_USAGE = YES_ERROR;
				CLANG_WARN_DOCUMENTATION_COMMENTS = YES;
				CLANG_WARN_EMPTY_BODY = YES;
				CLANG_WARN_ENUM_CONVERSION = YES;
				CLANG_WARN_INFINITE_RECURSION = YES;
				CLANG_WARN_INT_CONVERSION = YES;
				CLANG_WARN_NON_LITERAL_NULL_CONVERSION = YES;
				CLANG_WARN_OBJC_IMPLICIT_RETAIN_SELF = YES;
				CLANG_WARN_OBJC_LITERAL_CONVERSION = YES;
				CLANG_WARN_OBJC_ROOT_CLASS = YES_ERROR;
				CLANG_WARN_RANGE_LOOP_ANALYSIS = YES;
				CLANG_WARN_STRICT_PROTOTYPES = YES;
				CLANG_WARN_SUSPICIOUS_MOVE = YES;
				CLANG_WARN_UNGUARDED_AVAILABILITY = YES_AGGRESSIVE;
				CLANG_WARN_UNREACHABLE_CODE = YES;
				CLANG_WARN__DUPLICATE_METHOD_MATCH = YES;
				CODE_SIGN_IDENTITY = "iPhone Developer";
				COPY_PHASE_STRIP = NO;
				DEBUG_INFORMATION_FORMAT = dwarf;
				ENABLE_STRICT_OBJC_MSGSEND = YES;
				ENABLE_TESTABILITY = YES;
				GCC_C_LANGUAGE_STANDARD = gnu11;
				GCC_DYNAMIC_NO_PIC = NO;
				GCC_NO_COMMON_BLOCKS = YES;
				GCC_OPTIMIZATION_LEVEL = 0;
				GCC_PREPROCESSOR_DEFINITIONS = (
					"DEBUG=1",
					"$(inherited)",
				);
				GCC_WARN_64_TO_32_BIT_CONVERSION = YES;
				GCC_WARN_ABOUT_RETURN_TYPE = YES_ERROR;
				GCC_WARN_UNDECLARED_SELECTOR = YES;
				GCC_WARN_UNINITIALIZED_AUTOS = YES_AGGRESSIVE;
				GCC_WARN_UNUSED_FUNCTION = YES;
				GCC_WARN_UNUSED_VARIABLE = YES;
				IPHONEOS_DEPLOYMENT_TARGET = 11.4;
				MTL_ENABLE_DEBUG_INFO = YES;
				ONLY_ACTIVE_ARCH = YES;
				SDKROOT = iphoneos;
				SWIFT_ACTIVE_COMPILATION_CONDITIONS = DEBUG;
				SWIFT_OPTIMIZATION_LEVEL = "-Onone";
			};
			name = Debug;
		};
		E02492B42199970200B346DF /* Release */ = {
			isa = XCBuildConfiguration;
			buildSettings = {
				ALWAYS_SEARCH_USER_PATHS = NO;
				CLANG_ANALYZER_NONNULL = YES;
				CLANG_ANALYZER_NUMBER_OBJECT_CONVERSION = YES_AGGRESSIVE;
				CLANG_CXX_LANGUAGE_STANDARD = "gnu++14";
				CLANG_CXX_LIBRARY = "libc++";
				CLANG_ENABLE_MODULES = YES;
				CLANG_ENABLE_OBJC_ARC = YES;
				CLANG_ENABLE_OBJC_WEAK = YES;
				CLANG_WARN_BLOCK_CAPTURE_AUTORELEASING = YES;
				CLANG_WARN_BOOL_CONVERSION = YES;
				CLANG_WARN_COMMA = YES;
				CLANG_WARN_CONSTANT_CONVERSION = YES;
				CLANG_WARN_DEPRECATED_OBJC_IMPLEMENTATIONS = YES;
				CLANG_WARN_DIRECT_OBJC_ISA_USAGE = YES_ERROR;
				CLANG_WARN_DOCUMENTATION_COMMENTS = YES;
				CLANG_WARN_EMPTY_BODY = YES;
				CLANG_WARN_ENUM_CONVERSION = YES;
				CLANG_WARN_INFINITE_RECURSION = YES;
				CLANG_WARN_INT_CONVERSION = YES;
				CLANG_WARN_NON_LITERAL_NULL_CONVERSION = YES;
				CLANG_WARN_OBJC_IMPLICIT_RETAIN_SELF = YES;
				CLANG_WARN_OBJC_LITERAL_CONVERSION = YES;
				CLANG_WARN_OBJC_ROOT_CLASS = YES_ERROR;
				CLANG_WARN_RANGE_LOOP_ANALYSIS = YES;
				CLANG_WARN_STRICT_PROTOTYPES = YES;
				CLANG_WARN_SUSPICIOUS_MOVE = YES;
				CLANG_WARN_UNGUARDED_AVAILABILITY = YES_AGGRESSIVE;
				CLANG_WARN_UNREACHABLE_CODE = YES;
				CLANG_WARN__DUPLICATE_METHOD_MATCH = YES;
				CODE_SIGN_IDENTITY = "iPhone Developer";
				COPY_PHASE_STRIP = NO;
				DEBUG_INFORMATION_FORMAT = "dwarf-with-dsym";
				ENABLE_NS_ASSERTIONS = NO;
				ENABLE_STRICT_OBJC_MSGSEND = YES;
				GCC_C_LANGUAGE_STANDARD = gnu11;
				GCC_NO_COMMON_BLOCKS = YES;
				GCC_WARN_64_TO_32_BIT_CONVERSION = YES;
				GCC_WARN_ABOUT_RETURN_TYPE = YES_ERROR;
				GCC_WARN_UNDECLARED_SELECTOR = YES;
				GCC_WARN_UNINITIALIZED_AUTOS = YES_AGGRESSIVE;
				GCC_WARN_UNUSED_FUNCTION = YES;
				GCC_WARN_UNUSED_VARIABLE = YES;
				IPHONEOS_DEPLOYMENT_TARGET = 11.4;
				MTL_ENABLE_DEBUG_INFO = NO;
				SDKROOT = iphoneos;
				SWIFT_COMPILATION_MODE = wholemodule;
				SWIFT_OPTIMIZATION_LEVEL = "-O";
				VALIDATE_PRODUCT = YES;
			};
			name = Release;
		};
		E02492B62199970200B346DF /* Debug */ = {
			isa = XCBuildConfiguration;
			buildSettings = {
				ASSETCATALOG_COMPILER_APPICON_NAME = AppIcon;
				CODE_SIGN_STYLE = Automatic;
				INFOPLIST_FILE = IOP/Info.plist;
				LD_RUNPATH_SEARCH_PATHS = (
					"$(inherited)",
					"@executable_path/Frameworks",
				);
				PRODUCT_BUNDLE_IDENTIFIER = "Lejmi-INC.IOP";
				PRODUCT_NAME = "$(TARGET_NAME)";
				SWIFT_VERSION = 4.0;
				TARGETED_DEVICE_FAMILY = "1,2";
			};
			name = Debug;
		};
		E02492B72199970200B346DF /* Release */ = {
			isa = XCBuildConfiguration;
			buildSettings = {
				ASSETCATALOG_COMPILER_APPICON_NAME = AppIcon;
				CODE_SIGN_STYLE = Automatic;
				INFOPLIST_FILE = IOP/Info.plist;
				LD_RUNPATH_SEARCH_PATHS = (
					"$(inherited)",
					"@executable_path/Frameworks",
				);
				PRODUCT_BUNDLE_IDENTIFIER = "Lejmi-INC.IOP";
				PRODUCT_NAME = "$(TARGET_NAME)";
				SWIFT_VERSION = 4.0;
				TARGETED_DEVICE_FAMILY = "1,2";
			};
			name = Release;
		};
		E02492B92199970200B346DF /* Debug */ = {
			isa = XCBuildConfiguration;
			buildSettings = {
				ALWAYS_EMBED_SWIFT_STANDARD_LIBRARIES = YES;
				BUNDLE_LOADER = "$(TEST_HOST)";
				CODE_SIGN_STYLE = Automatic;
				INFOPLIST_FILE = IOPTests/Info.plist;
				LD_RUNPATH_SEARCH_PATHS = (
					"$(inherited)",
					"@executable_path/Frameworks",
					"@loader_path/Frameworks",
				);
				PRODUCT_BUNDLE_IDENTIFIER = "Lejmi-INC.IOPTests";
				PRODUCT_NAME = "$(TARGET_NAME)";
				SWIFT_VERSION = 4.0;
				TARGETED_DEVICE_FAMILY = "1,2";
				TEST_HOST = "$(BUILT_PRODUCTS_DIR)/IOP.app/IOP";
			};
			name = Debug;
		};
		E02492BA2199970200B346DF /* Release */ = {
			isa = XCBuildConfiguration;
			buildSettings = {
				ALWAYS_EMBED_SWIFT_STANDARD_LIBRARIES = YES;
				BUNDLE_LOADER = "$(TEST_HOST)";
				CODE_SIGN_STYLE = Automatic;
				INFOPLIST_FILE = IOPTests/Info.plist;
				LD_RUNPATH_SEARCH_PATHS = (
					"$(inherited)",
					"@executable_path/Frameworks",
					"@loader_path/Frameworks",
				);
				PRODUCT_BUNDLE_IDENTIFIER = "Lejmi-INC.IOPTests";
				PRODUCT_NAME = "$(TARGET_NAME)";
				SWIFT_VERSION = 4.0;
				TARGETED_DEVICE_FAMILY = "1,2";
				TEST_HOST = "$(BUILT_PRODUCTS_DIR)/IOP.app/IOP";
			};
			name = Release;
		};
		E02492BC2199970200B346DF /* Debug */ = {
			isa = XCBuildConfiguration;
			buildSettings = {
				ALWAYS_EMBED_SWIFT_STANDARD_LIBRARIES = YES;
				CODE_SIGN_STYLE = Automatic;
				INFOPLIST_FILE = IOPUITests/Info.plist;
				LD_RUNPATH_SEARCH_PATHS = (
					"$(inherited)",
					"@executable_path/Frameworks",
					"@loader_path/Frameworks",
				);
				PRODUCT_BUNDLE_IDENTIFIER = "Lejmi-INC.IOPUITests";
				PRODUCT_NAME = "$(TARGET_NAME)";
				SWIFT_VERSION = 4.0;
				TARGETED_DEVICE_FAMILY = "1,2";
				TEST_TARGET_NAME = IOP;
			};
			name = Debug;
		};
		E02492BD2199970200B346DF /* Release */ = {
			isa = XCBuildConfiguration;
			buildSettings = {
				ALWAYS_EMBED_SWIFT_STANDARD_LIBRARIES = YES;
				CODE_SIGN_STYLE = Automatic;
				INFOPLIST_FILE = IOPUITests/Info.plist;
				LD_RUNPATH_SEARCH_PATHS = (
					"$(inherited)",
					"@executable_path/Frameworks",
					"@loader_path/Frameworks",
				);
				PRODUCT_BUNDLE_IDENTIFIER = "Lejmi-INC.IOPUITests";
				PRODUCT_NAME = "$(TARGET_NAME)";
				SWIFT_VERSION = 4.0;
				TARGETED_DEVICE_FAMILY = "1,2";
				TEST_TARGET_NAME = IOP;
			};
			name = Release;
		};
/* End XCBuildConfiguration section */

/* Begin XCConfigurationList section */
		E02492882199970000B346DF /* Build configuration list for PBXProject "IOP" */ = {
			isa = XCConfigurationList;
			buildConfigurations = (
				E02492B32199970200B346DF /* Debug */,
				E02492B42199970200B346DF /* Release */,
			);
			defaultConfigurationIsVisible = 0;
			defaultConfigurationName = Release;
		};
		E02492B52199970200B346DF /* Build configuration list for PBXNativeTarget "IOP" */ = {
			isa = XCConfigurationList;
			buildConfigurations = (
				E02492B62199970200B346DF /* Debug */,
				E02492B72199970200B346DF /* Release */,
			);
			defaultConfigurationIsVisible = 0;
			defaultConfigurationName = Release;
		};
		E02492B82199970200B346DF /* Build configuration list for PBXNativeTarget "IOPTests" */ = {
			isa = XCConfigurationList;
			buildConfigurations = (
				E02492B92199970200B346DF /* Debug */,
				E02492BA2199970200B346DF /* Release */,
			);
			defaultConfigurationIsVisible = 0;
			defaultConfigurationName = Release;
		};
		E02492BB2199970200B346DF /* Build configuration list for PBXNativeTarget "IOPUITests" */ = {
			isa = XCConfigurationList;
			buildConfigurations = (
				E02492BC2199970200B346DF /* Debug */,
				E02492BD2199970200B346DF /* Release */,
			);
			defaultConfigurationIsVisible = 0;
			defaultConfigurationName = Release;
		};
/* End XCConfigurationList section */
	};
	rootObject = E02492852199970000B346DF /* Project object */;
}
